
Microsoft Visual Studio Solution File, Format Version 12.00
# Visual Studio Version 16
VisualStudioVersion = 16.0.30320.27
MinimumVisualStudioVersion = 10.0.40219.1
Project("{FAE04EC0-301F-11D3-BF4B-00C04F79EFBC}") = "MapDownloader", "MapDownloader\MapDownloader.csproj", "{198943AC-1828-4253-AAAB-C121990DD8F6}"
EndProject
Global
	GlobalSection(SolutionConfigurationPlatforms) = preSolution
		Debug|Any CPU = Debug|Any CPU
		Release|Any CPU = Release|Any CPU
	EndGlobalSection
	GlobalSection(ProjectConfigurationPlatforms) = postSolution
		{198943AC-1828-4253-AAAB-C121990DD8F6}.Debug|Any CPU.ActiveCfg = Debug|Any CPU
		{198943AC-1828-4253-AAAB-C121990DD8F6}.Debug|Any CPU.Build.0 = Debug|Any CPU
		{198943AC-1828-4253-AAAB-C121990DD8F6}.Release|Any CPU.ActiveCfg = Release|Any CPU
		{198943AC-1828-4253-AAAB-C121990DD8F6}.Release|Any CPU.Build.0 = Release|Any CPU
	EndGlobalSection
	GlobalSection(SolutionProperties) = preSolution
		HideSolutionNode = FALSE
	EndGlobalSection
	GlobalSection(ExtensibilityGlobals) = postSolution
		SolutionGuid = {3B63FC1F-50D5-4D21-8702-DF99C6FF0A00}
	EndGlobalSection
EndGlobal
